
Microsoft Visual Studio Solution File, Format Version 12.00
# Visual Studio Version 17
VisualStudioVersion = 17.1.32328.378
MinimumVisualStudioVersion = 10.0.40219.1
Project("{FAE04EC0-301F-11D3-BF4B-00C04F79EFBC}") = "Egg-Save", "Egg-Save.csproj", "{0038F7BE-0DA4-4613-9AD7-D9C92A83531F}"
EndProject
Global
	GlobalSection(SolutionConfigurationPlatforms) = preSolution
		Debug|Any CPU = Debug|Any CPU
		Release|Any CPU = Release|Any CPU
	EndGlobalSection
	GlobalSection(ProjectConfigurationPlatforms) = postSolution
		{0038F7BE-0DA4-4613-9AD7-D9C92A83531F}.Debug|Any CPU.ActiveCfg = Debug|Any CPU
		{0038F7BE-0DA4-4613-9AD7-D9C92A83531F}.Debug|Any CPU.Build.0 = Debug|Any CPU
		{0038F7BE-0DA4-4613-9AD7-D9C92A83531F}.Release|Any CPU.ActiveCfg = Release|Any CPU
		{0038F7BE-0DA4-4613-9AD7-D9C92A83531F}.Release|Any CPU.Build.0 = Release|Any CPU
	EndGlobalSection
	GlobalSection(SolutionProperties) = preSolution
		HideSolutionNode = FALSE
	EndGlobalSection
	GlobalSection(ExtensibilityGlobals) = postSolution
		SolutionGuid = {F88E269C-6C56-4AC8-94B3-B1F66A8B4BE2}
	EndGlobalSection
EndGlobal
